
Microsoft Visual Studio Solution File, Format Version 12.00
# Visual Studio Version 17
VisualStudioVersion = 17.12.35521.163 d17.12
MinimumVisualStudioVersion = 10.0.40219.1
Project("{FAE04EC0-301F-11D3-BF4B-00C04F79EFBC}") = "Exercise19", "Exercise19\Exercise19.csproj", "{F919136B-435C-4B00-BC87-112A95E71FCC}"
EndProject
Global
	GlobalSection(SolutionConfigurationPlatforms) = preSolution
		Debug|Any CPU = Debug|Any CPU
		Release|Any CPU = Release|Any CPU
	EndGlobalSection
	GlobalSection(ProjectConfigurationPlatforms) = postSolution
		{F919136B-435C-4B00-BC87-112A95E71FCC}.Debug|Any CPU.ActiveCfg = Debug|Any CPU
		{F919136B-435C-4B00-BC87-112A95E71FCC}.Debug|Any CPU.Build.0 = Debug|Any CPU
		{F919136B-435C-4B00-BC87-112A95E71FCC}.Release|Any CPU.ActiveCfg = Release|Any CPU
		{F919136B-435C-4B00-BC87-112A95E71FCC}.Release|Any CPU.Build.0 = Release|Any CPU
	EndGlobalSection
	GlobalSection(SolutionProperties) = preSolution
		HideSolutionNode = FALSE
	EndGlobalSection
EndGlobal
